<?xml version="1.0" encoding="utf-8"?>
<Project ToolsVersion="4.0" xmlns="http://schemas.microsoft.com/developer/msbuild/2003">
  <ItemGroup>
    <Filter Include="Source Files">
      <UniqueIdentifier>{4FC737F1-C7A5-4376-A066-2A32D752A2FF}</UniqueIdentifier>
      <Extensions>cpp;c;cc;cxx;def;odl;idl;hpj;bat;asm;asmx</Extensions>
    </Filter>
    <Filter Include="Resource Files">
      <UniqueIdentifier>{67DA6AB6-F800-4c08-8B7A-83BB121AAD01}</UniqueIdentifier>
      <Extensions>rc;ico;cur;bmp;dlg;rc2;rct;bin;rgs;gif;jpg;jpeg;jpe;resx;tiff;tif;png;wav;mfcribbon-ms</Extensions>
    </Filter>
    <Filter Include="Source Files\barrage">
      <UniqueIdentifier>{4d59ff80-7444-45b1-a1cc-665213b16b6f}</UniqueIdentifier>
    </Filter>
    <Filter Include="Source Files\scenes">
      <UniqueIdentifier>{1caa4866-9d7c-4e74-b93e-24666b85ec73}</UniqueIdentifier>
    </Filter>
    <Filter Include="Source Files\window">
      <UniqueIdentifier>{3039cd1a-9418-4d4f-8e1d-4d03b886dfa6}</UniqueIdentifier>
    </Filter>
    <Filter Include="Source Files\particles">
      <UniqueIdentifier>{fc9a78e6-52ae-462c-a3b3-026fa91d1fcb}</UniqueIdentifier>
    </Filter>
  </ItemGroup>
  <ItemGroup>
    <ClCompile Include="..\..\src\game\application.cpp">
      <Filter>Source Files</Filter>
    </ClCompile>
    <ClCompile Include="..\..\src\game\barrage.cpp">
      <Filter>Source Files\barrage</Filter>
    </ClCompile>
    <ClCompile Include="..\..\src\game\barrageManager.cpp">
      <Filter>Source Files\barrage</Filter>
    </ClCompile>
    <ClCompile Include="..\..\src\game\barragePattern.cpp">
      <Filter>Source Files\barrage</Filter>
    </ClCompile>
    <ClCompile Include="..\..\src\game\bullet.cpp">
      <Filter>Source Files\barrage</Filter>
    </ClCompile>
    <ClCompile Include="..\..\src\game\gameoverScene.cpp">
      <Filter>Source Files\scenes</Filter>
    </ClCompile>
    <ClCompile Include="..\..\src\game\gameScene.cpp">
      <Filter>Source Files\scenes</Filter>
    </ClCompile>
    <ClCompile Include="..\..\src\game\helpScene.cpp">
      <Filter>Source Files\scenes</Filter>
    </ClCompile>
    <ClCompile Include="..\..\src\game\levelScene.cpp">
      <Filter>Source Files\scenes</Filter>
    </ClCompile>
    <ClCompile Include="..\..\src\game\movePattern.cpp">
      <Filter>Source Files\barrage</Filter>
    </ClCompile>
    <ClCompile Include="..\..\src\game\titleScene.cpp">
      <Filter>Source Files\scenes</Filter>
    </ClCompile>
    <ClCompile Include="stdafx.cpp">
      <Filter>Source Files</Filter>
    </ClCompile>
    <ClCompile Include="..\..\src\game\transparentWindow.cpp">
      <Filter>Source Files\window</Filter>
    </ClCompile>
    <ClCompile Include="..\..\src\game\particles.cpp">
      <Filter>Source Files\particles</Filter>
    </ClCompile>
    <ClCompile Include="..\..\src\game\player.cpp">
      <Filter>Source Files</Filter>
    </ClCompile>
    <ClCompile Include="..\..\src\game\collision.cpp">
      <Filter>Source Files</Filter>
    </ClCompile>
  </ItemGroup>
  <ItemGroup>
    <ClInclude Include="..\..\src\game\common.h">
      <Filter>Source Files</Filter>
    </ClInclude>
    <ClInclude Include="..\..\src\game\barrage.h">
      <Filter>Source Files\barrage</Filter>
    </ClInclude>
    <ClInclude Include="..\..\src\game\barrageManager.h">
      <Filter>Source Files\barrage</Filter>
    </ClInclude>
    <ClInclude Include="..\..\src\game\barragePattern.h">
      <Filter>Source Files\barrage</Filter>
    </ClInclude>
    <ClInclude Include="..\..\src\game\bullet.h">
      <Filter>Source Files\barrage</Filter>
    </ClInclude>
    <ClInclude Include="..\..\src\game\gameoverScene.h">
      <Filter>Source Files\scenes</Filter>
    </ClInclude>
    <ClInclude Include="..\..\src\game\gameScene.h">
      <Filter>Source Files\scenes</Filter>
    </ClInclude>
    <ClInclude Include="..\..\src\game\helpScene.h">
      <Filter>Source Files\scenes</Filter>
    </ClInclude>
    <ClInclude Include="..\..\src\game\levelScene.h">
      <Filter>Source Files\scenes</Filter>
    </ClInclude>
    <ClInclude Include="..\..\src\game\movePattern.h">
      <Filter>Source Files\barrage</Filter>
    </ClInclude>
    <ClInclude Include="..\..\src\game\titleScene.h">
      <Filter>Source Files\scenes</Filter>
    </ClInclude>
    <ClInclude Include="stdafx.h">
      <Filter>Source Files</Filter>
    </ClInclude>
    <ClInclude Include="targetver.h">
      <Filter>Source Files</Filter>
    </ClInclude>
    <ClInclude Include="..\..\src\game\transparentWindow.h">
      <Filter>Source Files\window</Filter>
    </ClInclude>
    <ClInclude Include="..\..\src\game\particles.h">
      <Filter>Source Files\particles</Filter>
    </ClInclude>
    <ClInclude Include="..\..\src\game\player.h">
      <Filter>Source Files</Filter>
    </ClInclude>
    <ClInclude Include="..\..\src\game\collision.h">
      <Filter>Source Files</Filter>
    </ClInclude>
  </ItemGroup>
</Project>