<?xml version="1.0" encoding="utf-8"?>
<Project ToolsVersion="4.0" xmlns="http://schemas.microsoft.com/developer/msbuild/2003">
  <ItemGroup>
    <Filter Include="Source Files">
      <UniqueIdentifier>{4FC737F1-C7A5-4376-A066-2A32D752A2FF}</UniqueIdentifier>
      <Extensions>cpp;c;cc;cxx;def;odl;idl;hpj;bat;asm;asmx</Extensions>
    </Filter>
    <Filter Include="Resource Files">
      <UniqueIdentifier>{67DA6AB6-F800-4c08-8B7A-83BB121AAD01}</UniqueIdentifier>
      <Extensions>rc;ico;cur;bmp;dlg;rc2;rct;bin;rgs;gif;jpg;jpeg;jpe;resx;tiff;tif;png;wav;mfcribbon-ms</Extensions>
    </Filter>
    <Filter Include="Source Files\game">
      <UniqueIdentifier>{3703e8c3-dec5-4009-a1a8-7399f8f599c0}</UniqueIdentifier>
    </Filter>
    <Filter Include="Source Files\base">
      <UniqueIdentifier>{7696f402-4050-42b6-9086-e8f3463c7765}</UniqueIdentifier>
    </Filter>
    <Filter Include="Source Files\game\scenes">
      <UniqueIdentifier>{1caa4866-9d7c-4e74-b93e-24666b85ec73}</UniqueIdentifier>
    </Filter>
    <Filter Include="Source Files\game\barrage">
      <UniqueIdentifier>{4d59ff80-7444-45b1-a1cc-665213b16b6f}</UniqueIdentifier>
    </Filter>
    <Filter Include="Source Files\base\ui">
      <UniqueIdentifier>{af11c3ee-470a-428e-b798-4c86a3116aff}</UniqueIdentifier>
    </Filter>
    <Filter Include="Source Files\base\managers">
      <UniqueIdentifier>{eae79566-fa58-46ca-9dc0-b3bff391f1db}</UniqueIdentifier>
    </Filter>
  </ItemGroup>
  <ItemGroup>
    <ClInclude Include="utility.h">
      <Filter>Source Files\base</Filter>
    </ClInclude>
    <ClInclude Include="titleScene.h">
      <Filter>Source Files\game\scenes</Filter>
    </ClInclude>
    <ClInclude Include="helpScene.h">
      <Filter>Source Files\game\scenes</Filter>
    </ClInclude>
    <ClInclude Include="gameScene.h">
      <Filter>Source Files\game\scenes</Filter>
    </ClInclude>
    <ClInclude Include="gameoverScene.h">
      <Filter>Source Files\game\scenes</Filter>
    </ClInclude>
    <ClInclude Include="barragePattern.h">
      <Filter>Source Files\game\barrage</Filter>
    </ClInclude>
    <ClInclude Include="movePattern.h">
      <Filter>Source Files\game\barrage</Filter>
    </ClInclude>
    <ClInclude Include="levelScene.h">
      <Filter>Source Files\game\scenes</Filter>
    </ClInclude>
    <ClInclude Include="targetver.h">
      <Filter>Source Files\game</Filter>
    </ClInclude>
    <ClInclude Include="stdafx.h">
      <Filter>Source Files\game</Filter>
    </ClInclude>
    <ClInclude Include="common.h">
      <Filter>Source Files\game</Filter>
    </ClInclude>
    <ClInclude Include="engine.h">
      <Filter>Source Files\base</Filter>
    </ClInclude>
    <ClInclude Include="barrageManager.h">
      <Filter>Source Files\game\barrage</Filter>
    </ClInclude>
    <ClInclude Include="commonMicro.h">
      <Filter>Source Files\base</Filter>
    </ClInclude>
    <ClInclude Include="math.h">
      <Filter>Source Files\base</Filter>
    </ClInclude>
    <ClInclude Include="node.h">
      <Filter>Source Files\base</Filter>
    </ClInclude>
    <ClInclude Include="scene.h">
      <Filter>Source Files\base</Filter>
    </ClInclude>
    <ClInclude Include="sprite.h">
      <Filter>Source Files\base</Filter>
    </ClInclude>
    <ClInclude Include="label.h">
      <Filter>Source Files\base\ui</Filter>
    </ClInclude>
    <ClInclude Include="barrage.h">
      <Filter>Source Files\game\barrage</Filter>
    </ClInclude>
    <ClInclude Include="bullet.h">
      <Filter>Source Files\game\barrage</Filter>
    </ClInclude>
    <ClInclude Include="resourceManager.h">
      <Filter>Source Files\base\managers</Filter>
    </ClInclude>
    <ClInclude Include="inputManager.h">
      <Filter>Source Files\base\managers</Filter>
    </ClInclude>
  </ItemGroup>
  <ItemGroup>
    <ClCompile Include="utility.cpp">
      <Filter>Source Files\base</Filter>
    </ClCompile>
    <ClCompile Include="gameoverScene.cpp">
      <Filter>Source Files\game\scenes</Filter>
    </ClCompile>
    <ClCompile Include="titleScene.cpp">
      <Filter>Source Files\game\scenes</Filter>
    </ClCompile>
    <ClCompile Include="helpScene.cpp">
      <Filter>Source Files\game\scenes</Filter>
    </ClCompile>
    <ClCompile Include="gameScene.cpp">
      <Filter>Source Files\game\scenes</Filter>
    </ClCompile>
    <ClCompile Include="barragePattern.cpp">
      <Filter>Source Files\game\barrage</Filter>
    </ClCompile>
    <ClCompile Include="movePattern.cpp">
      <Filter>Source Files\game\barrage</Filter>
    </ClCompile>
    <ClCompile Include="levelScene.cpp">
      <Filter>Source Files\game\scenes</Filter>
    </ClCompile>
    <ClCompile Include="stdafx.cpp">
      <Filter>Source Files\game</Filter>
    </ClCompile>
    <ClCompile Include="engine.cpp">
      <Filter>Source Files\base</Filter>
    </ClCompile>
    <ClCompile Include="barrageManager.cpp">
      <Filter>Source Files\game\barrage</Filter>
    </ClCompile>
    <ClCompile Include="application.cpp">
      <Filter>Source Files\game</Filter>
    </ClCompile>
    <ClCompile Include="node.cpp">
      <Filter>Source Files\base</Filter>
    </ClCompile>
    <ClCompile Include="scene.cpp">
      <Filter>Source Files\base</Filter>
    </ClCompile>
    <ClCompile Include="sprite.cpp">
      <Filter>Source Files\base</Filter>
    </ClCompile>
    <ClCompile Include="label.cpp">
      <Filter>Source Files\base\ui</Filter>
    </ClCompile>
    <ClCompile Include="barrage.cpp">
      <Filter>Source Files\game\barrage</Filter>
    </ClCompile>
    <ClCompile Include="bullet.cpp">
      <Filter>Source Files\game\barrage</Filter>
    </ClCompile>
    <ClCompile Include="resourceManager.cpp">
      <Filter>Source Files\base\managers</Filter>
    </ClCompile>
    <ClCompile Include="inputManager.cpp">
      <Filter>Source Files\base\managers</Filter>
    </ClCompile>
  </ItemGroup>
</Project>